
Microsoft Visual Studio Solution File, Format Version 12.00
# Visual Studio 14
VisualStudioVersion = 14.0.24720.0
MinimumVisualStudioVersion = 10.0.40219.1
Project("{FAE04EC0-301F-11D3-BF4B-00C04F79EFBC}") = "StudentCatalog3", "StudentCatalog3\StudentCatalog3.csproj", "{8BE50ED4-3E9E-472A-A6CB-F23FDC34BA5E}"
EndProject
Project("{FAE04EC0-301F-11D3-BF4B-00C04F79EFBC}") = "StudentCatalog3.Tests", "StudentCatalog3.Tests\StudentCatalog3.Tests.csproj", "{483E3E14-8FD4-4D15-93C7-E628AD0B3397}"
EndProject
Global
	GlobalSection(SolutionConfigurationPlatforms) = preSolution
		Debug|Any CPU = Debug|Any CPU
		Release|Any CPU = Release|Any CPU
	EndGlobalSection
	GlobalSection(ProjectConfigurationPlatforms) = postSolution
		{8BE50ED4-3E9E-472A-A6CB-F23FDC34BA5E}.Debug|Any CPU.ActiveCfg = Debug|Any CPU
		{8BE50ED4-3E9E-472A-A6CB-F23FDC34BA5E}.Debug|Any CPU.Build.0 = Debug|Any CPU
		{8BE50ED4-3E9E-472A-A6CB-F23FDC34BA5E}.Release|Any CPU.ActiveCfg = Release|Any CPU
		{8BE50ED4-3E9E-472A-A6CB-F23FDC34BA5E}.Release|Any CPU.Build.0 = Release|Any CPU
		{483E3E14-8FD4-4D15-93C7-E628AD0B3397}.Debug|Any CPU.ActiveCfg = Debug|Any CPU
		{483E3E14-8FD4-4D15-93C7-E628AD0B3397}.Debug|Any CPU.Build.0 = Debug|Any CPU
		{483E3E14-8FD4-4D15-93C7-E628AD0B3397}.Release|Any CPU.ActiveCfg = Release|Any CPU
		{483E3E14-8FD4-4D15-93C7-E628AD0B3397}.Release|Any CPU.Build.0 = Release|Any CPU
	EndGlobalSection
	GlobalSection(SolutionProperties) = preSolution
		HideSolutionNode = FALSE
	EndGlobalSection
EndGlobal
